
Microsoft Visual Studio Solution File, Format Version 12.00
# Visual Studio 2012
Project("{159641D6-6404-4A2A-AE62-294DE0FE8301}") = "Imagenes Experian", "Imagenes Experian\Imagenes Experian.dtproj", "{2B7CFE3F-7A9F-4EE5-9ABE-0D1FE2A49D76}"
EndProject
Global
	GlobalSection(SolutionConfigurationPlatforms) = preSolution
		Development|Default = Development|Default
	EndGlobalSection
	GlobalSection(ProjectConfigurationPlatforms) = postSolution
		{2B7CFE3F-7A9F-4EE5-9ABE-0D1FE2A49D76}.Development|Default.ActiveCfg = Development
		{2B7CFE3F-7A9F-4EE5-9ABE-0D1FE2A49D76}.Development|Default.Build.0 = Development
	EndGlobalSection
	GlobalSection(SolutionProperties) = preSolution
		HideSolutionNode = FALSE
	EndGlobalSection
EndGlobal
