
Microsoft Visual Studio Solution File, Format Version 12.00
# Visual Studio 2012
Project("{159641D6-6404-4A2A-AE62-294DE0FE8301}") = "SMS_PRODUCCION_INFOBIP", "SMS_BASICO\SMS_PRODUCCION_INFOBIP.dtproj", "{C40558C7-D5CD-4114-A333-49FE818FBDD7}"
EndProject
Global
	GlobalSection(SolutionConfigurationPlatforms) = preSolution
		Development|Default = Development|Default
	EndGlobalSection
	GlobalSection(ProjectConfigurationPlatforms) = postSolution
		{C40558C7-D5CD-4114-A333-49FE818FBDD7}.Development|Default.ActiveCfg = Development
		{C40558C7-D5CD-4114-A333-49FE818FBDD7}.Development|Default.Build.0 = Development
	EndGlobalSection
	GlobalSection(SolutionProperties) = preSolution
		HideSolutionNode = FALSE
	EndGlobalSection
EndGlobal
